
Microsoft Visual Studio Solution File, Format Version 12.00
# Visual Studio Version 17
VisualStudioVersion = 17.11.35327.3
MinimumVisualStudioVersion = 10.0.40219.1
Project("{9A19103F-16F7-4668-BE54-9A1E7A4F7556}") = "Lab4", "Lab4\Lab4.csproj", "{AADAC802-6A18-4D98-8A35-4313F91B0FC6}"
EndProject
Project("{FAE04EC0-301F-11D3-BF4B-00C04F79EFBC}") = "Lab4.LabsLibrary", "Lab4.LabsLibrary\Lab4.LabsLibrary.csproj", "{9CE02AE6-E092-40B4-BEA2-DCD3031A3FC6}"
EndProject
Global
	GlobalSection(SolutionConfigurationPlatforms) = preSolution
		Debug|Any CPU = Debug|Any CPU
		Release|Any CPU = Release|Any CPU
	EndGlobalSection
	GlobalSection(ProjectConfigurationPlatforms) = postSolution
		{AADAC802-6A18-4D98-8A35-4313F91B0FC6}.Debug|Any CPU.ActiveCfg = Debug|Any CPU
		{AADAC802-6A18-4D98-8A35-4313F91B0FC6}.Debug|Any CPU.Build.0 = Debug|Any CPU
		{AADAC802-6A18-4D98-8A35-4313F91B0FC6}.Release|Any CPU.ActiveCfg = Release|Any CPU
		{AADAC802-6A18-4D98-8A35-4313F91B0FC6}.Release|Any CPU.Build.0 = Release|Any CPU
		{9CE02AE6-E092-40B4-BEA2-DCD3031A3FC6}.Debug|Any CPU.ActiveCfg = Debug|Any CPU
		{9CE02AE6-E092-40B4-BEA2-DCD3031A3FC6}.Debug|Any CPU.Build.0 = Debug|Any CPU
		{9CE02AE6-E092-40B4-BEA2-DCD3031A3FC6}.Release|Any CPU.ActiveCfg = Release|Any CPU
		{9CE02AE6-E092-40B4-BEA2-DCD3031A3FC6}.Release|Any CPU.Build.0 = Release|Any CPU
	EndGlobalSection
	GlobalSection(SolutionProperties) = preSolution
		HideSolutionNode = FALSE
	EndGlobalSection
	GlobalSection(ExtensibilityGlobals) = postSolution
		SolutionGuid = {E53EE4CA-723A-4204-B02D-3F656532519C}
	EndGlobalSection
EndGlobal
