
Microsoft Visual Studio Solution File, Format Version 12.00
# Visual Studio Version 17
VisualStudioVersion = 17.11.35327.3
MinimumVisualStudioVersion = 10.0.40219.1
Project("{FAE04EC0-301F-11D3-BF4B-00C04F79EFBC}") = "Lab5", "Lab5\Lab5.csproj", "{AF87BE2F-BE47-4ECC-BE66-B3B64AA8312D}"
EndProject
Global
	GlobalSection(SolutionConfigurationPlatforms) = preSolution
		Debug|Any CPU = Debug|Any CPU
		Release|Any CPU = Release|Any CPU
	EndGlobalSection
	GlobalSection(ProjectConfigurationPlatforms) = postSolution
		{AF87BE2F-BE47-4ECC-BE66-B3B64AA8312D}.Debug|Any CPU.ActiveCfg = Debug|Any CPU
		{AF87BE2F-BE47-4ECC-BE66-B3B64AA8312D}.Debug|Any CPU.Build.0 = Debug|Any CPU
		{AF87BE2F-BE47-4ECC-BE66-B3B64AA8312D}.Release|Any CPU.ActiveCfg = Release|Any CPU
		{AF87BE2F-BE47-4ECC-BE66-B3B64AA8312D}.Release|Any CPU.Build.0 = Release|Any CPU
	EndGlobalSection
	GlobalSection(SolutionProperties) = preSolution
		HideSolutionNode = FALSE
	EndGlobalSection
	GlobalSection(ExtensibilityGlobals) = postSolution
		SolutionGuid = {C91FECB3-AB20-482E-B7C3-51A50A263924}
	EndGlobalSection
EndGlobal
