
Microsoft Visual Studio Solution File, Format Version 12.00
# Visual Studio Version 17
VisualStudioVersion = 17.12.35506.116 d17.12
MinimumVisualStudioVersion = 10.0.40219.1
Project("{FAE04EC0-301F-11D3-BF4B-00C04F79EFBC}") = "Lab13.Server", "Lab13.Server\Lab13.Server.csproj", "{8A0B68EF-4A66-4065-B5AD-9EC8B19FCD46}"
EndProject
Project("{54A90642-561A-4BB1-A94E-469ADEE60C69}") = "lab13.client", "lab13.client\lab13.client.esproj", "{4D19ACEC-4CE7-4A4A-8BA6-45BE681FF00B}"
EndProject
Global
	GlobalSection(SolutionConfigurationPlatforms) = preSolution
		Debug|Any CPU = Debug|Any CPU
		Release|Any CPU = Release|Any CPU
	EndGlobalSection
	GlobalSection(ProjectConfigurationPlatforms) = postSolution
		{8A0B68EF-4A66-4065-B5AD-9EC8B19FCD46}.Debug|Any CPU.ActiveCfg = Debug|Any CPU
		{8A0B68EF-4A66-4065-B5AD-9EC8B19FCD46}.Debug|Any CPU.Build.0 = Debug|Any CPU
		{8A0B68EF-4A66-4065-B5AD-9EC8B19FCD46}.Release|Any CPU.ActiveCfg = Release|Any CPU
		{8A0B68EF-4A66-4065-B5AD-9EC8B19FCD46}.Release|Any CPU.Build.0 = Release|Any CPU
		{4D19ACEC-4CE7-4A4A-8BA6-45BE681FF00B}.Debug|Any CPU.ActiveCfg = Debug|Any CPU
		{4D19ACEC-4CE7-4A4A-8BA6-45BE681FF00B}.Debug|Any CPU.Build.0 = Debug|Any CPU
		{4D19ACEC-4CE7-4A4A-8BA6-45BE681FF00B}.Debug|Any CPU.Deploy.0 = Debug|Any CPU
		{4D19ACEC-4CE7-4A4A-8BA6-45BE681FF00B}.Release|Any CPU.ActiveCfg = Release|Any CPU
		{4D19ACEC-4CE7-4A4A-8BA6-45BE681FF00B}.Release|Any CPU.Build.0 = Release|Any CPU
		{4D19ACEC-4CE7-4A4A-8BA6-45BE681FF00B}.Release|Any CPU.Deploy.0 = Release|Any CPU
	EndGlobalSection
	GlobalSection(SolutionProperties) = preSolution
		HideSolutionNode = FALSE
	EndGlobalSection
EndGlobal
