
Microsoft Visual Studio Solution File, Format Version 12.00
# Visual Studio Version 17
VisualStudioVersion = 17.11.35312.102
MinimumVisualStudioVersion = 10.0.40219.1
Project("{9A19103F-16F7-4668-BE54-9A1E7A4F7556}") = "Lab3", "Lab3\Lab3.csproj", "{D899E8DC-C263-4DB9-BBED-FFE0B9E92C86}"
EndProject
Project("{FAE04EC0-301F-11D3-BF4B-00C04F79EFBC}") = "Lab3.xUnitTests", "Lab3.xUnitTests\Lab3.xUnitTests.csproj", "{D4E943AA-59B6-46B3-9F9F-B2FEBE896E3F}"
EndProject
Project("{2150E333-8FDC-42A3-9474-1A3956D46DE8}") = "Элементы решения", "Элементы решения", "{363C3D9B-48D8-465E-B326-958B8C642DBB}"
	ProjectSection(SolutionItems) = preProject
		..\msbuild.proj = ..\msbuild.proj
	EndProjectSection
EndProject
Global
	GlobalSection(SolutionConfigurationPlatforms) = preSolution
		Debug|Any CPU = Debug|Any CPU
		Release|Any CPU = Release|Any CPU
	EndGlobalSection
	GlobalSection(ProjectConfigurationPlatforms) = postSolution
		{D899E8DC-C263-4DB9-BBED-FFE0B9E92C86}.Debug|Any CPU.ActiveCfg = Debug|Any CPU
		{D899E8DC-C263-4DB9-BBED-FFE0B9E92C86}.Debug|Any CPU.Build.0 = Debug|Any CPU
		{D899E8DC-C263-4DB9-BBED-FFE0B9E92C86}.Release|Any CPU.ActiveCfg = Release|Any CPU
		{D899E8DC-C263-4DB9-BBED-FFE0B9E92C86}.Release|Any CPU.Build.0 = Release|Any CPU
		{D4E943AA-59B6-46B3-9F9F-B2FEBE896E3F}.Debug|Any CPU.ActiveCfg = Debug|Any CPU
		{D4E943AA-59B6-46B3-9F9F-B2FEBE896E3F}.Debug|Any CPU.Build.0 = Debug|Any CPU
		{D4E943AA-59B6-46B3-9F9F-B2FEBE896E3F}.Release|Any CPU.ActiveCfg = Release|Any CPU
		{D4E943AA-59B6-46B3-9F9F-B2FEBE896E3F}.Release|Any CPU.Build.0 = Release|Any CPU
	EndGlobalSection
	GlobalSection(SolutionProperties) = preSolution
		HideSolutionNode = FALSE
	EndGlobalSection
	GlobalSection(ExtensibilityGlobals) = postSolution
		SolutionGuid = {D07DF7A3-19E4-452F-A92F-E4E16835D405}
	EndGlobalSection
EndGlobal
